// !$*UTF8*$!
{
	archiveVersion = 1;
	classes = {
	};
	objectVersion = 56;
	objects = {

/* Begin PBXBuildFile section */
		5179327029DB27C000436953 /* ProgressTableViewCell.swift in Sources */ = {isa = PBXBuildFile; fileRef = 5179326E29DB27C000436953 /* ProgressTableViewCell.swift */; };
		5179327129DB27C000436953 /* ProgressTableViewCell.xib in Resources */ = {isa = PBXBuildFile; fileRef = 5179326F29DB27C000436953 /* ProgressTableViewCell.xib */; };
		5179327429DB2DCE00436953 /* SliderTableViewCell.swift in Sources */ = {isa = PBXBuildFile; fileRef = 5179327229DB2DCE00436953 /* SliderTableViewCell.swift */; };
		5179327529DB2DCE00436953 /* SliderTableViewCell.xib in Resources */ = {isa = PBXBuildFile; fileRef = 5179327329DB2DCE00436953 /* SliderTableViewCell.xib */; };
		5179327C29DB362F00436953 /* SwitchTableViewCell.swift in Sources */ = {isa = PBXBuildFile; fileRef = 5179327A29DB362F00436953 /* SwitchTableViewCell.swift */; };
		5179327D29DB362F00436953 /* SwitchTableViewCell.xib in Resources */ = {isa = PBXBuildFile; fileRef = 5179327B29DB362F00436953 /* SwitchTableViewCell.xib */; };
		5179328029DB3A3400436953 /* StepperTableViewCell.swift in Sources */ = {isa = PBXBuildFile; fileRef = 5179327E29DB3A3400436953 /* StepperTableViewCell.swift */; };
		5179328129DB3A3400436953 /* StepperTableViewCell.xib in Resources */ = {isa = PBXBuildFile; fileRef = 5179327F29DB3A3400436953 /* StepperTableViewCell.xib */; };
		5179328429DB3E2000436953 /* TextFieldTableViewCell.swift in Sources */ = {isa = PBXBuildFile; fileRef = 5179328229DB3E2000436953 /* TextFieldTableViewCell.swift */; };
		5179328529DB3E2000436953 /* TextFieldTableViewCell.xib in Resources */ = {isa = PBXBuildFile; fileRef = 5179328329DB3E2000436953 /* TextFieldTableViewCell.xib */; };
		517932C429DB40E600436953 /* CourseTableViewCell.swift in Sources */ = {isa = PBXBuildFile; fileRef = 517932C229DB40E600436953 /* CourseTableViewCell.swift */; };
		517932C529DB40E600436953 /* CourseTableViewCell.xib in Resources */ = {isa = PBXBuildFile; fileRef = 517932C329DB40E600436953 /* CourseTableViewCell.xib */; };
		51AA78C829D4A5A600C112E2 /* AppDelegate.swift in Sources */ = {isa = PBXBuildFile; fileRef = 51AA78C729D4A5A600C112E2 /* AppDelegate.swift */; };
		51AA78CA29D4A5A600C112E2 /* SceneDelegate.swift in Sources */ = {isa = PBXBuildFile; fileRef = 51AA78C929D4A5A600C112E2 /* SceneDelegate.swift */; };
		51AA78CC29D4A5A600C112E2 /* ViewController.swift in Sources */ = {isa = PBXBuildFile; fileRef = 51AA78CB29D4A5A600C112E2 /* ViewController.swift */; };
		51AA78CF29D4A5A600C112E2 /* Main.storyboard in Resources */ = {isa = PBXBuildFile; fileRef = 51AA78CD29D4A5A600C112E2 /* Main.storyboard */; };
		51AA78D129D4A5A700C112E2 /* Assets.xcassets in Resources */ = {isa = PBXBuildFile; fileRef = 51AA78D029D4A5A700C112E2 /* Assets.xcassets */; };
		51AA78D429D4A5A700C112E2 /* LaunchScreen.storyboard in Resources */ = {isa = PBXBuildFile; fileRef = 51AA78D229D4A5A700C112E2 /* LaunchScreen.storyboard */; };
		51AA78DF29D4A5A700C112E2 /* TableViewAssign3Tests.swift in Sources */ = {isa = PBXBuildFile; fileRef = 51AA78DE29D4A5A700C112E2 /* TableViewAssign3Tests.swift */; };
		51AA78E929D4A5A700C112E2 /* TableViewAssign3UITests.swift in Sources */ = {isa = PBXBuildFile; fileRef = 51AA78E829D4A5A700C112E2 /* TableViewAssign3UITests.swift */; };
		51AA78EB29D4A5A700C112E2 /* TableViewAssign3UITestsLaunchTests.swift in Sources */ = {isa = PBXBuildFile; fileRef = 51AA78EA29D4A5A700C112E2 /* TableViewAssign3UITestsLaunchTests.swift */; };
		51AA78F929D4A62300C112E2 /* ImageTableViewCell.swift in Sources */ = {isa = PBXBuildFile; fileRef = 51AA78F729D4A62300C112E2 /* ImageTableViewCell.swift */; };
		51AA78FA29D4A62300C112E2 /* ImageTableViewCell.xib in Resources */ = {isa = PBXBuildFile; fileRef = 51AA78F829D4A62300C112E2 /* ImageTableViewCell.xib */; };
		51AA78FD29D4A63800C112E2 /* SegmentTableViewCell.swift in Sources */ = {isa = PBXBuildFile; fileRef = 51AA78FB29D4A63800C112E2 /* SegmentTableViewCell.swift */; };
		51AA78FE29D4A63800C112E2 /* SegmentTableViewCell.xib in Resources */ = {isa = PBXBuildFile; fileRef = 51AA78FC29D4A63800C112E2 /* SegmentTableViewCell.xib */; };
/* End PBXBuildFile section */

/* Begin PBXContainerItemProxy section */
		51AA78DB29D4A5A700C112E2 /* PBXContainerItemProxy */ = {
			isa = PBXContainerItemProxy;
			containerPortal = 51AA78BC29D4A5A600C112E2 /* Project object */;
			proxyType = 1;
			remoteGlobalIDString = 51AA78C329D4A5A600C112E2;
			remoteInfo = TableViewAssign3;
		};
		51AA78E529D4A5A700C112E2 /* PBXContainerItemProxy */ = {
			isa = PBXContainerItemProxy;
			containerPortal = 51AA78BC29D4A5A600C112E2 /* Project object */;
			proxyType = 1;
			remoteGlobalIDString = 51AA78C329D4A5A600C112E2;
			remoteInfo = TableViewAssign3;
		};
/* End PBXContainerItemProxy section */

/* Begin PBXFileReference section */
		5179326E29DB27C000436953 /* ProgressTableViewCell.swift */ = {isa = PBXFileReference; lastKnownFileType = sourcecode.swift; path = ProgressTableViewCell.swift; sourceTree = "<group>"; };
		5179326F29DB27C000436953 /* ProgressTableViewCell.xib */ = {isa = PBXFileReference; lastKnownFileType = file.xib; path = ProgressTableViewCell.xib; sourceTree = "<group>"; };
		5179327229DB2DCE00436953 /* SliderTableViewCell.swift */ = {isa = PBXFileReference; lastKnownFileType = sourcecode.swift; path = SliderTableViewCell.swift; sourceTree = "<group>"; };
		5179327329DB2DCE00436953 /* SliderTableViewCell.xib */ = {isa = PBXFileReference; lastKnownFileType = file.xib; path = SliderTableViewCell.xib; sourceTree = "<group>"; };
		5179327A29DB362F00436953 /* SwitchTableViewCell.swift */ = {isa = PBXFileReference; lastKnownFileType = sourcecode.swift; path = SwitchTableViewCell.swift; sourceTree = "<group>"; };
		5179327B29DB362F00436953 /* SwitchTableViewCell.xib */ = {isa = PBXFileReference; lastKnownFileType = file.xib; path = SwitchTableViewCell.xib; sourceTree = "<group>"; };
		5179327E29DB3A3400436953 /* StepperTableViewCell.swift */ = {isa = PBXFileReference; lastKnownFileType = sourcecode.swift; path = StepperTableViewCell.swift; sourceTree = "<group>"; };
		5179327F29DB3A3400436953 /* StepperTableViewCell.xib */ = {isa = PBXFileReference; lastKnownFileType = file.xib; path = StepperTableViewCell.xib; sourceTree = "<group>"; };
		5179328229DB3E2000436953 /* TextFieldTableViewCell.swift */ = {isa = PBXFileReference; lastKnownFileType = sourcecode.swift; path = TextFieldTableViewCell.swift; sourceTree = "<group>"; };
		5179328329DB3E2000436953 /* TextFieldTableViewCell.xib */ = {isa = PBXFileReference; lastKnownFileType = file.xib; path = TextFieldTableViewCell.xib; sourceTree = "<group>"; };
		517932C229DB40E600436953 /* CourseTableViewCell.swift */ = {isa = PBXFileReference; lastKnownFileType = sourcecode.swift; path = CourseTableViewCell.swift; sourceTree = "<group>"; };
		517932C329DB40E600436953 /* CourseTableViewCell.xib */ = {isa = PBXFileReference; lastKnownFileType = file.xib; path = CourseTableViewCell.xib; sourceTree = "<group>"; };
		51AA78C429D4A5A600C112E2 /* TableViewAssign3.app */ = {isa = PBXFileReference; explicitFileType = wrapper.application; includeInIndex = 0; path = TableViewAssign3.app; sourceTree = BUILT_PRODUCTS_DIR; };
		51AA78C729D4A5A600C112E2 /* AppDelegate.swift */ = {isa = PBXFileReference; lastKnownFileType = sourcecode.swift; path = AppDelegate.swift; sourceTree = "<group>"; };
		51AA78C929D4A5A600C112E2 /* SceneDelegate.swift */ = {isa = PBXFileReference; lastKnownFileType = sourcecode.swift; path = SceneDelegate.swift; sourceTree = "<group>"; };
		51AA78CB29D4A5A600C112E2 /* ViewController.swift */ = {isa = PBXFileReference; lastKnownFileType = sourcecode.swift; path = ViewController.swift; sourceTree = "<group>"; };
		51AA78CE29D4A5A600C112E2 /* Base */ = {isa = PBXFileReference; lastKnownFileType = file.storyboard; name = Base; path = Base.lproj/Main.storyboard; sourceTree = "<group>"; };
		51AA78D029D4A5A700C112E2 /* Assets.xcassets */ = {isa = PBXFileReference; lastKnownFileType = folder.assetcatalog; path = Assets.xcassets; sourceTree = "<group>"; };
		51AA78D329D4A5A700C112E2 /* Base */ = {isa = PBXFileReference; lastKnownFileType = file.storyboard; name = Base; path = Base.lproj/LaunchScreen.storyboard; sourceTree = "<group>"; };
		51AA78D529D4A5A700C112E2 /* Info.plist */ = {isa = PBXFileReference; lastKnownFileType = text.plist.xml; path = Info.plist; sourceTree = "<group>"; };
		51AA78DA29D4A5A700C112E2 /* TableViewAssign3Tests.xctest */ = {isa = PBXFileReference; explicitFileType = wrapper.cfbundle; includeInIndex = 0; path = TableViewAssign3Tests.xctest; sourceTree = BUILT_PRODUCTS_DIR; };
		51AA78DE29D4A5A700C112E2 /* TableViewAssign3Tests.swift */ = {isa = PBXFileReference; lastKnownFileType = sourcecode.swift; path = TableViewAssign3Tests.swift; sourceTree = "<group>"; };
		51AA78E429D4A5A700C112E2 /* TableViewAssign3UITests.xctest */ = {isa = PBXFileReference; explicitFileType = wrapper.cfbundle; includeInIndex = 0; path = TableViewAssign3UITests.xctest; sourceTree = BUILT_PRODUCTS_DIR; };
		51AA78E829D4A5A700C112E2 /* TableViewAssign3UITests.swift */ = {isa = PBXFileReference; lastKnownFileType = sourcecode.swift; path = TableViewAssign3UITests.swift; sourceTree = "<group>"; };
		51AA78EA29D4A5A700C112E2 /* TableViewAssign3UITestsLaunchTests.swift */ = {isa = PBXFileReference; lastKnownFileType = sourcecode.swift; path = TableViewAssign3UITestsLaunchTests.swift; sourceTree = "<group>"; };
		51AA78F729D4A62300C112E2 /* ImageTableViewCell.swift */ = {isa = PBXFileReference; lastKnownFileType = sourcecode.swift; path = ImageTableViewCell.swift; sourceTree = "<group>"; };
		51AA78F829D4A62300C112E2 /* ImageTableViewCell.xib */ = {isa = PBXFileReference; lastKnownFileType = file.xib; path = ImageTableViewCell.xib; sourceTree = "<group>"; };
		51AA78FB29D4A63800C112E2 /* SegmentTableViewCell.swift */ = {isa = PBXFileReference; lastKnownFileType = sourcecode.swift; path = SegmentTableViewCell.swift; sourceTree = "<group>"; };
		51AA78FC29D4A63800C112E2 /* SegmentTableViewCell.xib */ = {isa = PBXFileReference; lastKnownFileType = file.xib; path = SegmentTableViewCell.xib; sourceTree = "<group>"; };
/* End PBXFileReference section */

/* Begin PBXFrameworksBuildPhase section */
		51AA78C129D4A5A600C112E2 /* Frameworks */ = {
			isa = PBXFrameworksBuildPhase;
			buildActionMask = 2147483647;
			files = (
			);
			runOnlyForDeploymentPostprocessing = 0;
		};
		51AA78D729D4A5A700C112E2 /* Frameworks */ = {
			isa = PBXFrameworksBuildPhase;
			buildActionMask = 2147483647;
			files = (
			);
			runOnlyForDeploymentPostprocessing = 0;
		};
		51AA78E129D4A5A700C112E2 /* Frameworks */ = {
			isa = PBXFrameworksBuildPhase;
			buildActionMask = 2147483647;
			files = (
			);
			runOnlyForDeploymentPostprocessing = 0;
		};
/* End PBXFrameworksBuildPhase section */

/* Begin PBXGroup section */
		51AA78BB29D4A5A600C112E2 = {
			isa = PBXGroup;
			children = (
				51AA78C629D4A5A600C112E2 /* TableViewAssign3 */,
				51AA78DD29D4A5A700C112E2 /* TableViewAssign3Tests */,
				51AA78E729D4A5A700C112E2 /* TableViewAssign3UITests */,
				51AA78C529D4A5A600C112E2 /* Products */,
			);
			sourceTree = "<group>";
		};
		51AA78C529D4A5A600C112E2 /* Products */ = {
			isa = PBXGroup;
			children = (
				51AA78C429D4A5A600C112E2 /* TableViewAssign3.app */,
				51AA78DA29D4A5A700C112E2 /* TableViewAssign3Tests.xctest */,
				51AA78E429D4A5A700C112E2 /* TableViewAssign3UITests.xctest */,
			);
			name = Products;
			sourceTree = "<group>";
		};
		51AA78C629D4A5A600C112E2 /* TableViewAssign3 */ = {
			isa = PBXGroup;
			children = (
				51AA78C729D4A5A600C112E2 /* AppDelegate.swift */,
				51AA78C929D4A5A600C112E2 /* SceneDelegate.swift */,
				51AA78CB29D4A5A600C112E2 /* ViewController.swift */,
				51AA78CD29D4A5A600C112E2 /* Main.storyboard */,
				51AA78D029D4A5A700C112E2 /* Assets.xcassets */,
				51AA78D229D4A5A700C112E2 /* LaunchScreen.storyboard */,
				51AA78D529D4A5A700C112E2 /* Info.plist */,
				51AA78F729D4A62300C112E2 /* ImageTableViewCell.swift */,
				51AA78F829D4A62300C112E2 /* ImageTableViewCell.xib */,
				51AA78FB29D4A63800C112E2 /* SegmentTableViewCell.swift */,
				51AA78FC29D4A63800C112E2 /* SegmentTableViewCell.xib */,
				5179326E29DB27C000436953 /* ProgressTableViewCell.swift */,
				5179326F29DB27C000436953 /* ProgressTableViewCell.xib */,
				5179327229DB2DCE00436953 /* SliderTableViewCell.swift */,
				5179327329DB2DCE00436953 /* SliderTableViewCell.xib */,
				5179327A29DB362F00436953 /* SwitchTableViewCell.swift */,
				5179327B29DB362F00436953 /* SwitchTableViewCell.xib */,
				5179327E29DB3A3400436953 /* StepperTableViewCell.swift */,
				5179327F29DB3A3400436953 /* StepperTableViewCell.xib */,
				5179328229DB3E2000436953 /* TextFieldTableViewCell.swift */,
				5179328329DB3E2000436953 /* TextFieldTableViewCell.xib */,
				517932C229DB40E600436953 /* CourseTableViewCell.swift */,
				517932C329DB40E600436953 /* CourseTableViewCell.xib */,
			);
			path = TableViewAssign3;
			sourceTree = "<group>";
		};
		51AA78DD29D4A5A700C112E2 /* TableViewAssign3Tests */ = {
			isa = PBXGroup;
			children = (
				51AA78DE29D4A5A700C112E2 /* TableViewAssign3Tests.swift */,
			);
			path = TableViewAssign3Tests;
			sourceTree = "<group>";
		};
		51AA78E729D4A5A700C112E2 /* TableViewAssign3UITests */ = {
			isa = PBXGroup;
			children = (
				51AA78E829D4A5A700C112E2 /* TableViewAssign3UITests.swift */,
				51AA78EA29D4A5A700C112E2 /* TableViewAssign3UITestsLaunchTests.swift */,
			);
			path = TableViewAssign3UITests;
			sourceTree = "<group>";
		};
/* End PBXGroup section */

/* Begin PBXNativeTarget section */
		51AA78C329D4A5A600C112E2 /* TableViewAssign3 */ = {
			isa = PBXNativeTarget;
			buildConfigurationList = 51AA78EE29D4A5A700C112E2 /* Build configuration list for PBXNativeTarget "TableViewAssign3" */;
			buildPhases = (
				51AA78C029D4A5A600C112E2 /* Sources */,
				51AA78C129D4A5A600C112E2 /* Frameworks */,
				51AA78C229D4A5A600C112E2 /* Resources */,
			);
			buildRules = (
			);
			dependencies = (
			);
			name = TableViewAssign3;
			productName = TableViewAssign3;
			productReference = 51AA78C429D4A5A600C112E2 /* TableViewAssign3.app */;
			productType = "com.apple.product-type.application";
		};
		51AA78D929D4A5A700C112E2 /* TableViewAssign3Tests */ = {
			isa = PBXNativeTarget;
			buildConfigurationList = 51AA78F129D4A5A700C112E2 /* Build configuration list for PBXNativeTarget "TableViewAssign3Tests" */;
			buildPhases = (
				51AA78D629D4A5A700C112E2 /* Sources */,
				51AA78D729D4A5A700C112E2 /* Frameworks */,
				51AA78D829D4A5A700C112E2 /* Resources */,
			);
			buildRules = (
			);
			dependencies = (
				51AA78DC29D4A5A700C112E2 /* PBXTargetDependency */,
			);
			name = TableViewAssign3Tests;
			productName = TableViewAssign3Tests;
			productReference = 51AA78DA29D4A5A700C112E2 /* TableViewAssign3Tests.xctest */;
			productType = "com.apple.product-type.bundle.unit-test";
		};
		51AA78E329D4A5A700C112E2 /* TableViewAssign3UITests */ = {
			isa = PBXNativeTarget;
			buildConfigurationList = 51AA78F429D4A5A700C112E2 /* Build configuration list for PBXNativeTarget "TableViewAssign3UITests" */;
			buildPhases = (
				51AA78E029D4A5A700C112E2 /* Sources */,
				51AA78E129D4A5A700C112E2 /* Frameworks */,
				51AA78E229D4A5A700C112E2 /* Resources */,
			);
			buildRules = (
			);
			dependencies = (
				51AA78E629D4A5A700C112E2 /* PBXTargetDependency */,
			);
			name = TableViewAssign3UITests;
			productName = TableViewAssign3UITests;
			productReference = 51AA78E429D4A5A700C112E2 /* TableViewAssign3UITests.xctest */;
			productType = "com.apple.product-type.bundle.ui-testing";
		};
/* End PBXNativeTarget section */

/* Begin PBXProject section */
		51AA78BC29D4A5A600C112E2 /* Project object */ = {
			isa = PBXProject;
			attributes = {
				BuildIndependentTargetsInParallel = 1;
				LastSwiftUpdateCheck = 1420;
				LastUpgradeCheck = 1420;
				TargetAttributes = {
					51AA78C329D4A5A600C112E2 = {
						CreatedOnToolsVersion = 14.2;
					};
					51AA78D929D4A5A700C112E2 = {
						CreatedOnToolsVersion = 14.2;
						TestTargetID = 51AA78C329D4A5A600C112E2;
					};
					51AA78E329D4A5A700C112E2 = {
						CreatedOnToolsVersion = 14.2;
						TestTargetID = 51AA78C329D4A5A600C112E2;
					};
				};
			};
			buildConfigurationList = 51AA78BF29D4A5A600C112E2 /* Build configuration list for PBXProject "TableViewAssign3" */;
			compatibilityVersion = "Xcode 14.0";
			developmentRegion = en;
			hasScannedForEncodings = 0;
			knownRegions = (
				en,
				Base,
			);
			mainGroup = 51AA78BB29D4A5A600C112E2;
			productRefGroup = 51AA78C529D4A5A600C112E2 /* Products */;
			projectDirPath = "";
			projectRoot = "";
			targets = (
				51AA78C329D4A5A600C112E2 /* TableViewAssign3 */,
				51AA78D929D4A5A700C112E2 /* TableViewAssign3Tests */,
				51AA78E329D4A5A700C112E2 /* TableViewAssign3UITests */,
			);
		};
/* End PBXProject section */

/* Begin PBXResourcesBuildPhase section */
		51AA78C229D4A5A600C112E2 /* Resources */ = {
			isa = PBXResourcesBuildPhase;
			buildActionMask = 2147483647;
			files = (
				5179327129DB27C000436953 /* ProgressTableViewCell.xib in Resources */,
				517932C529DB40E600436953 /* CourseTableViewCell.xib in Resources */,
				5179328129DB3A3400436953 /* StepperTableViewCell.xib in Resources */,
				51AA78D429D4A5A700C112E2 /* LaunchScreen.storyboard in Resources */,
				51AA78FA29D4A62300C112E2 /* ImageTableViewCell.xib in Resources */,
				51AA78D129D4A5A700C112E2 /* Assets.xcassets in Resources */,
				51AA78CF29D4A5A600C112E2 /* Main.storyboard in Resources */,
				51AA78FE29D4A63800C112E2 /* SegmentTableViewCell.xib in Resources */,
				5179328529DB3E2000436953 /* TextFieldTableViewCell.xib in Resources */,
				5179327D29DB362F00436953 /* SwitchTableViewCell.xib in Resources */,
				5179327529DB2DCE00436953 /* SliderTableViewCell.xib in Resources */,
			);
			runOnlyForDeploymentPostprocessing = 0;
		};
		51AA78D829D4A5A700C112E2 /* Resources */ = {
			isa = PBXResourcesBuildPhase;
			buildActionMask = 2147483647;
			files = (
			);
			runOnlyForDeploymentPostprocessing = 0;
		};
		51AA78E229D4A5A700C112E2 /* Resources */ = {
			isa = PBXResourcesBuildPhase;
			buildActionMask = 2147483647;
			files = (
			);
			runOnlyForDeploymentPostprocessing = 0;
		};
/* End PBXResourcesBuildPhase section */

/* Begin PBXSourcesBuildPhase section */
		51AA78C029D4A5A600C112E2 /* Sources */ = {
			isa = PBXSourcesBuildPhase;
			buildActionMask = 2147483647;
			files = (
				51AA78FD29D4A63800C112E2 /* SegmentTableViewCell.swift in Sources */,
				51AA78CC29D4A5A600C112E2 /* ViewController.swift in Sources */,
				5179327029DB27C000436953 /* ProgressTableViewCell.swift in Sources */,
				51AA78F929D4A62300C112E2 /* ImageTableViewCell.swift in Sources */,
				5179327C29DB362F00436953 /* SwitchTableViewCell.swift in Sources */,
				5179327429DB2DCE00436953 /* SliderTableViewCell.swift in Sources */,
				51AA78C829D4A5A600C112E2 /* AppDelegate.swift in Sources */,
				5179328029DB3A3400436953 /* StepperTableViewCell.swift in Sources */,
				51AA78CA29D4A5A600C112E2 /* SceneDelegate.swift in Sources */,
				5179328429DB3E2000436953 /* TextFieldTableViewCell.swift in Sources */,
				517932C429DB40E600436953 /* CourseTableViewCell.swift in Sources */,
			);
			runOnlyForDeploymentPostprocessing = 0;
		};
		51AA78D629D4A5A700C112E2 /* Sources */ = {
			isa = PBXSourcesBuildPhase;
			buildActionMask = 2147483647;
			files = (
				51AA78DF29D4A5A700C112E2 /* TableViewAssign3Tests.swift in Sources */,
			);
			runOnlyForDeploymentPostprocessing = 0;
		};
		51AA78E029D4A5A700C112E2 /* Sources */ = {
			isa = PBXSourcesBuildPhase;
			buildActionMask = 2147483647;
			files = (
				51AA78E929D4A5A700C112E2 /* TableViewAssign3UITests.swift in Sources */,
				51AA78EB29D4A5A700C112E2 /* TableViewAssign3UITestsLaunchTests.swift in Sources */,
			);
			runOnlyForDeploymentPostprocessing = 0;
		};
/* End PBXSourcesBuildPhase section */

/* Begin PBXTargetDependency section */
		51AA78DC29D4A5A700C112E2 /* PBXTargetDependency */ = {
			isa = PBXTargetDependency;
			target = 51AA78C329D4A5A600C112E2 /* TableViewAssign3 */;
			targetProxy = 51AA78DB29D4A5A700C112E2 /* PBXContainerItemProxy */;
		};
		51AA78E629D4A5A700C112E2 /* PBXTargetDependency */ = {
			isa = PBXTargetDependency;
			target = 51AA78C329D4A5A600C112E2 /* TableViewAssign3 */;
			targetProxy = 51AA78E529D4A5A700C112E2 /* PBXContainerItemProxy */;
		};
/* End PBXTargetDependency section */

/* Begin PBXVariantGroup section */
		51AA78CD29D4A5A600C112E2 /* Main.storyboard */ = {
			isa = PBXVariantGroup;
			children = (
				51AA78CE29D4A5A600C112E2 /* Base */,
			);
			name = Main.storyboard;
			sourceTree = "<group>";
		};
		51AA78D229D4A5A700C112E2 /* LaunchScreen.storyboard */ = {
			isa = PBXVariantGroup;
			children = (
				51AA78D329D4A5A700C112E2 /* Base */,
			);
			name = LaunchScreen.storyboard;
			sourceTree = "<group>";
		};
/* End PBXVariantGroup section */

/* Begin XCBuildConfiguration section */
		51AA78EC29D4A5A700C112E2 /* Debug */ = {
			isa = XCBuildConfiguration;
			buildSettings = {
				ALWAYS_SEARCH_USER_PATHS = NO;
				CLANG_ANALYZER_NONNULL = YES;
				CLANG_ANALYZER_NUMBER_OBJECT_CONVERSION = YES_AGGRESSIVE;
				CLANG_CXX_LANGUAGE_STANDARD = "gnu++20";
				CLANG_ENABLE_MODULES = YES;
				CLANG_ENABLE_OBJC_ARC = YES;
				CLANG_ENABLE_OBJC_WEAK = YES;
				CLANG_WARN_BLOCK_CAPTURE_AUTORELEASING = YES;
				CLANG_WARN_BOOL_CONVERSION = YES;
				CLANG_WARN_COMMA = YES;
				CLANG_WARN_CONSTANT_CONVERSION = YES;
				CLANG_WARN_DEPRECATED_OBJC_IMPLEMENTATIONS = YES;
				CLANG_WARN_DIRECT_OBJC_ISA_USAGE = YES_ERROR;
				CLANG_WARN_DOCUMENTATION_COMMENTS = YES;
				CLANG_WARN_EMPTY_BODY = YES;
				CLANG_WARN_ENUM_CONVERSION = YES;
				CLANG_WARN_INFINITE_RECURSION = YES;
				CLANG_WARN_INT_CONVERSION = YES;
				CLANG_WARN_NON_LITERAL_NULL_CONVERSION = YES;
				CLANG_WARN_OBJC_IMPLICIT_RETAIN_SELF = YES;
				CLANG_WARN_OBJC_LITERAL_CONVERSION = YES;
				CLANG_WARN_OBJC_ROOT_CLASS = YES_ERROR;
				CLANG_WARN_QUOTED_INCLUDE_IN_FRAMEWORK_HEADER = YES;
				CLANG_WARN_RANGE_LOOP_ANALYSIS = YES;
				CLANG_WARN_STRICT_PROTOTYPES = YES;
				CLANG_WARN_SUSPICIOUS_MOVE = YES;
				CLANG_WARN_UNGUARDED_AVAILABILITY = YES_AGGRESSIVE;
				CLANG_WARN_UNREACHABLE_CODE = YES;
				CLANG_WARN__DUPLICATE_METHOD_MATCH = YES;
				COPY_PHASE_STRIP = NO;
				DEBUG_INFORMATION_FORMAT = dwarf;
				ENABLE_STRICT_OBJC_MSGSEND = YES;
				ENABLE_TESTABILITY = YES;
				GCC_C_LANGUAGE_STANDARD = gnu11;
				GCC_DYNAMIC_NO_PIC = NO;
				GCC_NO_COMMON_BLOCKS = YES;
				GCC_OPTIMIZATION_LEVEL = 0;
				GCC_PREPROCESSOR_DEFINITIONS = (
					"DEBUG=1",
					"$(inherited)",
				);
				GCC_WARN_64_TO_32_BIT_CONVERSION = YES;
				GCC_WARN_ABOUT_RETURN_TYPE = YES_ERROR;
				GCC_WARN_UNDECLARED_SELECTOR = YES;
				GCC_WARN_UNINITIALIZED_AUTOS = YES_AGGRESSIVE;
				GCC_WARN_UNUSED_FUNCTION = YES;
				GCC_WARN_UNUSED_VARIABLE = YES;
				IPHONEOS_DEPLOYMENT_TARGET = 16.2;
				MTL_ENABLE_DEBUG_INFO = INCLUDE_SOURCE;
				MTL_FAST_MATH = YES;
				ONLY_ACTIVE_ARCH = YES;
				SDKROOT = iphoneos;
				SWIFT_ACTIVE_COMPILATION_CONDITIONS = DEBUG;
				SWIFT_OPTIMIZATION_LEVEL = "-Onone";
			};
			name = Debug;
		};
		51AA78ED29D4A5A700C112E2 /* Release */ = {
			isa = XCBuildConfiguration;
			buildSettings = {
				ALWAYS_SEARCH_USER_PATHS = NO;
				CLANG_ANALYZER_NONNULL = YES;
				CLANG_ANALYZER_NUMBER_OBJECT_CONVERSION = YES_AGGRESSIVE;
				CLANG_CXX_LANGUAGE_STANDARD = "gnu++20";
				CLANG_ENABLE_MODULES = YES;
				CLANG_ENABLE_OBJC_ARC = YES;
				CLANG_ENABLE_OBJC_WEAK = YES;
				CLANG_WARN_BLOCK_CAPTURE_AUTORELEASING = YES;
				CLANG_WARN_BOOL_CONVERSION = YES;
				CLANG_WARN_COMMA = YES;
				CLANG_WARN_CONSTANT_CONVERSION = YES;
				CLANG_WARN_DEPRECATED_OBJC_IMPLEMENTATIONS = YES;
				CLANG_WARN_DIRECT_OBJC_ISA_USAGE = YES_ERROR;
				CLANG_WARN_DOCUMENTATION_COMMENTS = YES;
				CLANG_WARN_EMPTY_BODY = YES;
				CLANG_WARN_ENUM_CONVERSION = YES;
				CLANG_WARN_INFINITE_RECURSION = YES;
				CLANG_WARN_INT_CONVERSION = YES;
				CLANG_WARN_NON_LITERAL_NULL_CONVERSION = YES;
				CLANG_WARN_OBJC_IMPLICIT_RETAIN_SELF = YES;
				CLANG_WARN_OBJC_LITERAL_CONVERSION = YES;
				CLANG_WARN_OBJC_ROOT_CLASS = YES_ERROR;
				CLANG_WARN_QUOTED_INCLUDE_IN_FRAMEWORK_HEADER = YES;
				CLANG_WARN_RANGE_LOOP_ANALYSIS = YES;
				CLANG_WARN_STRICT_PROTOTYPES = YES;
				CLANG_WARN_SUSPICIOUS_MOVE = YES;
				CLANG_WARN_UNGUARDED_AVAILABILITY = YES_AGGRESSIVE;
				CLANG_WARN_UNREACHABLE_CODE = YES;
				CLANG_WARN__DUPLICATE_METHOD_MATCH = YES;
				COPY_PHASE_STRIP = NO;
				DEBUG_INFORMATION_FORMAT = "dwarf-with-dsym";
				ENABLE_NS_ASSERTIONS = NO;
				ENABLE_STRICT_OBJC_MSGSEND = YES;
				GCC_C_LANGUAGE_STANDARD = gnu11;
				GCC_NO_COMMON_BLOCKS = YES;
				GCC_WARN_64_TO_32_BIT_CONVERSION = YES;
				GCC_WARN_ABOUT_RETURN_TYPE = YES_ERROR;
				GCC_WARN_UNDECLARED_SELECTOR = YES;
				GCC_WARN_UNINITIALIZED_AUTOS = YES_AGGRESSIVE;
				GCC_WARN_UNUSED_FUNCTION = YES;
				GCC_WARN_UNUSED_VARIABLE = YES;
				IPHONEOS_DEPLOYMENT_TARGET = 16.2;
				MTL_ENABLE_DEBUG_INFO = NO;
				MTL_FAST_MATH = YES;
				SDKROOT = iphoneos;
				SWIFT_COMPILATION_MODE = wholemodule;
				SWIFT_OPTIMIZATION_LEVEL = "-O";
				VALIDATE_PRODUCT = YES;
			};
			name = Release;
		};
		51AA78EF29D4A5A700C112E2 /* Debug */ = {
			isa = XCBuildConfiguration;
			buildSettings = {
				ASSETCATALOG_COMPILER_APPICON_NAME = AppIcon;
				ASSETCATALOG_COMPILER_GLOBAL_ACCENT_COLOR_NAME = AccentColor;
				CODE_SIGN_STYLE = Automatic;
				CURRENT_PROJECT_VERSION = 1;
				GENERATE_INFOPLIST_FILE = YES;
				INFOPLIST_FILE = TableViewAssign3/Info.plist;
				INFOPLIST_KEY_UIApplicationSupportsIndirectInputEvents = YES;
				INFOPLIST_KEY_UILaunchStoryboardName = LaunchScreen;
				INFOPLIST_KEY_UIMainStoryboardFile = Main;
				INFOPLIST_KEY_UISupportedInterfaceOrientations_iPad = "UIInterfaceOrientationPortrait UIInterfaceOrientationPortraitUpsideDown UIInterfaceOrientationLandscapeLeft UIInterfaceOrientationLandscapeRight";
				INFOPLIST_KEY_UISupportedInterfaceOrientations_iPhone = "UIInterfaceOrientationPortrait UIInterfaceOrientationLandscapeLeft UIInterfaceOrientationLandscapeRight";
				LD_RUNPATH_SEARCH_PATHS = (
					"$(inherited)",
					"@executable_path/Frameworks",
				);
				MARKETING_VERSION = 1.0;
				PRODUCT_BUNDLE_IDENTIFIER = shailee.TableViewAssign3;
				PRODUCT_NAME = "$(TARGET_NAME)";
				SWIFT_EMIT_LOC_STRINGS = YES;
				SWIFT_VERSION = 5.0;
				TARGETED_DEVICE_FAMILY = "1,2";
			};
			name = Debug;
		};
		51AA78F029D4A5A700C112E2 /* Release */ = {
			isa = XCBuildConfiguration;
			buildSettings = {
				ASSETCATALOG_COMPILER_APPICON_NAME = AppIcon;
				ASSETCATALOG_COMPILER_GLOBAL_ACCENT_COLOR_NAME = AccentColor;
				CODE_SIGN_STYLE = Automatic;
				CURRENT_PROJECT_VERSION = 1;
				GENERATE_INFOPLIST_FILE = YES;
				INFOPLIST_FILE = TableViewAssign3/Info.plist;
				INFOPLIST_KEY_UIApplicationSupportsIndirectInputEvents = YES;
				INFOPLIST_KEY_UILaunchStoryboardName = LaunchScreen;
				INFOPLIST_KEY_UIMainStoryboardFile = Main;
				INFOPLIST_KEY_UISupportedInterfaceOrientations_iPad = "UIInterfaceOrientationPortrait UIInterfaceOrientationPortraitUpsideDown UIInterfaceOrientationLandscapeLeft UIInterfaceOrientationLandscapeRight";
				INFOPLIST_KEY_UISupportedInterfaceOrientations_iPhone = "UIInterfaceOrientationPortrait UIInterfaceOrientationLandscapeLeft UIInterfaceOrientationLandscapeRight";
				LD_RUNPATH_SEARCH_PATHS = (
					"$(inherited)",
					"@executable_path/Frameworks",
				);
				MARKETING_VERSION = 1.0;
				PRODUCT_BUNDLE_IDENTIFIER = shailee.TableViewAssign3;
				PRODUCT_NAME = "$(TARGET_NAME)";
				SWIFT_EMIT_LOC_STRINGS = YES;
				SWIFT_VERSION = 5.0;
				TARGETED_DEVICE_FAMILY = "1,2";
			};
			name = Release;
		};
		51AA78F229D4A5A700C112E2 /* Debug */ = {
			isa = XCBuildConfiguration;
			buildSettings = {
				ALWAYS_EMBED_SWIFT_STANDARD_LIBRARIES = YES;
				BUNDLE_LOADER = "$(TEST_HOST)";
				CODE_SIGN_STYLE = Automatic;
				CURRENT_PROJECT_VERSION = 1;
				GENERATE_INFOPLIST_FILE = YES;
				IPHONEOS_DEPLOYMENT_TARGET = 16.2;
				MARKETING_VERSION = 1.0;
				PRODUCT_BUNDLE_IDENTIFIER = shailee.TableViewAssign3Tests;
				PRODUCT_NAME = "$(TARGET_NAME)";
				SWIFT_EMIT_LOC_STRINGS = NO;
				SWIFT_VERSION = 5.0;
				TARGETED_DEVICE_FAMILY = "1,2";
				TEST_HOST = "$(BUILT_PRODUCTS_DIR)/TableViewAssign3.app/$(BUNDLE_EXECUTABLE_FOLDER_PATH)/TableViewAssign3";
			};
			name = Debug;
		};
		51AA78F329D4A5A700C112E2 /* Release */ = {
			isa = XCBuildConfiguration;
			buildSettings = {
				ALWAYS_EMBED_SWIFT_STANDARD_LIBRARIES = YES;
				BUNDLE_LOADER = "$(TEST_HOST)";
				CODE_SIGN_STYLE = Automatic;
				CURRENT_PROJECT_VERSION = 1;
				GENERATE_INFOPLIST_FILE = YES;
				IPHONEOS_DEPLOYMENT_TARGET = 16.2;
				MARKETING_VERSION = 1.0;
				PRODUCT_BUNDLE_IDENTIFIER = shailee.TableViewAssign3Tests;
				PRODUCT_NAME = "$(TARGET_NAME)";
				SWIFT_EMIT_LOC_STRINGS = NO;
				SWIFT_VERSION = 5.0;
				TARGETED_DEVICE_FAMILY = "1,2";
				TEST_HOST = "$(BUILT_PRODUCTS_DIR)/TableViewAssign3.app/$(BUNDLE_EXECUTABLE_FOLDER_PATH)/TableViewAssign3";
			};
			name = Release;
		};
		51AA78F529D4A5A700C112E2 /* Debug */ = {
			isa = XCBuildConfiguration;
			buildSettings = {
				ALWAYS_EMBED_SWIFT_STANDARD_LIBRARIES = YES;
				CODE_SIGN_STYLE = Automatic;
				CURRENT_PROJECT_VERSION = 1;
				GENERATE_INFOPLIST_FILE = YES;
				MARKETING_VERSION = 1.0;
				PRODUCT_BUNDLE_IDENTIFIER = shailee.TableViewAssign3UITests;
				PRODUCT_NAME = "$(TARGET_NAME)";
				SWIFT_EMIT_LOC_STRINGS = NO;
				SWIFT_VERSION = 5.0;
				TARGETED_DEVICE_FAMILY = "1,2";
				TEST_TARGET_NAME = TableViewAssign3;
			};
			name = Debug;
		};
		51AA78F629D4A5A700C112E2 /* Release */ = {
			isa = XCBuildConfiguration;
			buildSettings = {
				ALWAYS_EMBED_SWIFT_STANDARD_LIBRARIES = YES;
				CODE_SIGN_STYLE = Automatic;
				CURRENT_PROJECT_VERSION = 1;
				GENERATE_INFOPLIST_FILE = YES;
				MARKETING_VERSION = 1.0;
				PRODUCT_BUNDLE_IDENTIFIER = shailee.TableViewAssign3UITests;
				PRODUCT_NAME = "$(TARGET_NAME)";
				SWIFT_EMIT_LOC_STRINGS = NO;
				SWIFT_VERSION = 5.0;
				TARGETED_DEVICE_FAMILY = "1,2";
				TEST_TARGET_NAME = TableViewAssign3;
			};
			name = Release;
		};
/* End XCBuildConfiguration section */

/* Begin XCConfigurationList section */
		51AA78BF29D4A5A600C112E2 /* Build configuration list for PBXProject "TableViewAssign3" */ = {
			isa = XCConfigurationList;
			buildConfigurations = (
				51AA78EC29D4A5A700C112E2 /* Debug */,
				51AA78ED29D4A5A700C112E2 /* Release */,
			);
			defaultConfigurationIsVisible = 0;
			defaultConfigurationName = Release;
		};
		51AA78EE29D4A5A700C112E2 /* Build configuration list for PBXNativeTarget "TableViewAssign3" */ = {
			isa = XCConfigurationList;
			buildConfigurations = (
				51AA78EF29D4A5A700C112E2 /* Debug */,
				51AA78F029D4A5A700C112E2 /* Release */,
			);
			defaultConfigurationIsVisible = 0;
			defaultConfigurationName = Release;
		};
		51AA78F129D4A5A700C112E2 /* Build configuration list for PBXNativeTarget "TableViewAssign3Tests" */ = {
			isa = XCConfigurationList;
			buildConfigurations = (
				51AA78F229D4A5A700C112E2 /* Debug */,
				51AA78F329D4A5A700C112E2 /* Release */,
			);
			defaultConfigurationIsVisible = 0;
			defaultConfigurationName = Release;
		};
		51AA78F429D4A5A700C112E2 /* Build configuration list for PBXNativeTarget "TableViewAssign3UITests" */ = {
			isa = XCConfigurationList;
			buildConfigurations = (
				51AA78F529D4A5A700C112E2 /* Debug */,
				51AA78F629D4A5A700C112E2 /* Release */,
			);
			defaultConfigurationIsVisible = 0;
			defaultConfigurationName = Release;
		};
/* End XCConfigurationList section */
	};
	rootObject = 51AA78BC29D4A5A600C112E2 /* Project object */;
}
